<?xml version="1.0" encoding="utf-8"?>
<Project ToolsVersion="4.0" xmlns="http://schemas.microsoft.com/developer/msbuild/2003">
  <ItemGroup>
    <Filter Include="Main">
      <UniqueIdentifier>{7ce01a19-38b3-498c-9275-d574830917cc}</UniqueIdentifier>
    </Filter>
    <Filter Include="Utils">
      <UniqueIdentifier>{a5cbd172-9aef-4030-945e-7110f2ea7d51}</UniqueIdentifier>
    </Filter>
    <Filter Include="Protocol">
      <UniqueIdentifier>{dbab27d8-f91d-4318-8940-611ead3095da}</UniqueIdentifier>
    </Filter>
    <Filter Include="Content">
      <UniqueIdentifier>{5795171a-af50-4044-9531-247cc87ae35d}</UniqueIdentifier>
    </Filter>
    <Filter Include="UDP">
      <UniqueIdentifier>{168f1ffe-63a3-49d4-bdac-34ae2461a528}</UniqueIdentifier>
    </Filter>
    <Filter Include="MFC">
      <UniqueIdentifier>{87c5e635-5e5c-4631-8f05-d89287b082b4}</UniqueIdentifier>
    </Filter>
    <Filter Include="MFC\Dialog">
      <UniqueIdentifier>{297f005a-1fd8-40f9-891f-f6e8eab5bff4}</UniqueIdentifier>
    </Filter>
    <Filter Include="MFC\Dialog\Login">
      <UniqueIdentifier>{596726db-b7a0-49ab-9788-8b6dae097312}</UniqueIdentifier>
    </Filter>
    <Filter Include="MFC\Dialog\Main">
      <UniqueIdentifier>{eccba862-4a7b-470f-aab5-eff46a506eb4}</UniqueIdentifier>
    </Filter>
    <Filter Include="MFC\Dialog\SignUp">
      <UniqueIdentifier>{d9c91cda-925b-416f-8827-aff9c26a61a2}</UniqueIdentifier>
    </Filter>
  </ItemGroup>
  <ItemGroup>
    <ClCompile Include="DummyClient.cpp">
      <Filter>Main</Filter>
    </ClCompile>
    <ClCompile Include="pch.cpp">
      <Filter>Utils</Filter>
    </ClCompile>
    <ClCompile Include="Protocol.pb.cc">
      <Filter>Protocol</Filter>
    </ClCompile>
    <ClCompile Include="Struct.pb.cc">
      <Filter>Protocol</Filter>
    </ClCompile>
    <ClCompile Include="Enum.pb.cc">
      <Filter>Protocol</Filter>
    </ClCompile>
    <ClCompile Include="Player.cpp">
      <Filter>Content</Filter>
    </ClCompile>
    <ClCompile Include="ServerPacketHandler.cpp">
      <Filter>Content</Filter>
    </ClCompile>
    <ClCompile Include="UDPSocket.cpp">
      <Filter>UDP</Filter>
    </ClCompile>
    <ClCompile Include="UDP.cpp">
      <Filter>UDP</Filter>
    </ClCompile>
    <ClCompile Include="UDPJob.cpp">
      <Filter>UDP</Filter>
    </ClCompile>
    <ClCompile Include="PlayerManager.cpp">
      <Filter>Content</Filter>
    </ClCompile>
    <ClCompile Include="CSignUpDialog.cpp">
      <Filter>MFC\Dialog\SignUp</Filter>
    </ClCompile>
    <ClCompile Include="CClientApp.cpp">
      <Filter>MFC</Filter>
    </ClCompile>
    <ClCompile Include="CAddFriendsDialog.cpp">
      <Filter>MFC\Dialog\Main</Filter>
    </ClCompile>
    <ClCompile Include="CFindAccDialog.cpp">
      <Filter>MFC\Dialog\Login</Filter>
    </ClCompile>
    <ClCompile Include="CLoginDialog.cpp">
      <Filter>MFC\Dialog\Login</Filter>
    </ClCompile>
    <ClCompile Include="CMainDialog.cpp">
      <Filter>MFC\Dialog\Main</Filter>
    </ClCompile>
  </ItemGroup>
  <ItemGroup>
    <ClInclude Include="pch.h">
      <Filter>Utils</Filter>
    </ClInclude>
    <ClInclude Include="Enum.pb.h">
      <Filter>Protocol</Filter>
    </ClInclude>
    <ClInclude Include="Struct.pb.h">
      <Filter>Protocol</Filter>
    </ClInclude>
    <ClInclude Include="Protocol.pb.h">
      <Filter>Protocol</Filter>
    </ClInclude>
    <ClInclude Include="Player.h">
      <Filter>Content</Filter>
    </ClInclude>
    <ClInclude Include="ServerPacketHandler.h">
      <Filter>Content</Filter>
    </ClInclude>
    <ClInclude Include="UDPJob.h">
      <Filter>UDP</Filter>
    </ClInclude>
    <ClInclude Include="UDPSocket.h">
      <Filter>UDP</Filter>
    </ClInclude>
    <ClInclude Include="PlayerManager.h">
      <Filter>Content</Filter>
    </ClInclude>
    <ClInclude Include="UDP.h">
      <Filter>UDP</Filter>
    </ClInclude>
    <ClInclude Include="resource.h">
      <Filter>MFC</Filter>
    </ClInclude>
    <ClInclude Include="CSignUpDialog.h">
      <Filter>MFC\Dialog\SignUp</Filter>
    </ClInclude>
    <ClInclude Include="CClientApp.h">
      <Filter>MFC</Filter>
    </ClInclude>
    <ClInclude Include="CAddFriendsDialog.h">
      <Filter>MFC\Dialog\Main</Filter>
    </ClInclude>
    <ClInclude Include="CFindAccDialog.h">
      <Filter>MFC\Dialog\Login</Filter>
    </ClInclude>
    <ClInclude Include="CLoginDialog.h">
      <Filter>MFC\Dialog\Login</Filter>
    </ClInclude>
    <ClInclude Include="CMainDialog.h">
      <Filter>MFC\Dialog\Main</Filter>
    </ClInclude>
  </ItemGroup>
  <ItemGroup>
    <ResourceCompile Include="DummyClient.rc">
      <Filter>MFC</Filter>
    </ResourceCompile>
  </ItemGroup>
</Project>